
Microsoft Visual Studio Solution File, Format Version 12.00
# Visual Studio Version 17
VisualStudioVersion = 17.14.36212.18
MinimumVisualStudioVersion = 10.0.40219.1
Project("{8BC9CEB8-8B4A-11D0-8D11-00A0C91BC942}") = "0-CreateWindow", "Projects\0-CreateWindow\0.vcxproj", "{08B48DDF-00EE-47B3-8205-04EE9CA8D960}"
EndProject
Project("{8BC9CEB8-8B4A-11D0-8D11-00A0C91BC942}") = "1-FirstDot", "Projects\1-FirstDot\1.vcxproj", "{DE3BDDF0-961D-4C35-91F9-81867F45D71A}"
EndProject
Project("{8BC9CEB8-8B4A-11D0-8D11-00A0C91BC942}") = "2-FirstTriangle", "Projects\2-FirstTriangle\2.vcxproj", "{D4BCEFBA-7FAE-4AD1-82B3-F5D09D002BE0}"
EndProject
Project("{8BC9CEB8-8B4A-11D0-8D11-00A0C91BC942}") = "3-FirstTriangleShader", "Projects\3-FirstTriangleShader\3.vcxproj", "{35092537-2E7A-4642-9621-69CA43F31B4D}"
EndProject
Project("{8BC9CEB8-8B4A-11D0-8D11-00A0C91BC942}") = "4-TriangleScale", "Projects\4-TriangleScale\4.vcxproj", "{225209E7-7F3E-4A54-A3CC-BA276A227A6E}"
EndProject
Project("{8BC9CEB8-8B4A-11D0-8D11-00A0C91BC942}") = "5-TriangleTranslation", "Projects\5-TriangleTranslation\5.vcxproj", "{D9802E60-CD44-443C-990A-590A34E10E62}"
EndProject
Project("{8BC9CEB8-8B4A-11D0-8D11-00A0C91BC942}") = "6-TriangleRotation", "Projects\6-TriangleRotation\6.vcxproj", "{F98F360F-0081-459B-93C3-A2A0D2AAF219}"
EndProject
Project("{8BC9CEB8-8B4A-11D0-8D11-00A0C91BC942}") = "7-TriangleModel", "Projects\7-TriangleModel\7.vcxproj", "{8C2D76BF-A5A6-404F-9B75-EA2502D0D12C}"
EndProject
Project("{8BC9CEB8-8B4A-11D0-8D11-00A0C91BC942}") = "8-TriangleInterpolation", "Projects\8-TriangleInterpolation\8.vcxproj", "{47A8A8AB-A85F-4CBF-AEA4-4B684671269D}"
EndProject
Project("{8BC9CEB8-8B4A-11D0-8D11-00A0C91BC942}") = "9-TriangleIndexedDraw", "Projects\9-TriangleIndexedDraw\9.vcxproj", "{0FD64546-015D-42D9-9B8E-E1E727540ECF}"
EndProject
Project("{8BC9CEB8-8B4A-11D0-8D11-00A0C91BC942}") = "10-CubeProjection", "Projects\10-CubeProjection\10.vcxproj", "{0C5CD0A5-AA3B-4C87-A4B5-276D68E7C3A5}"
EndProject
Project("{8BC9CEB8-8B4A-11D0-8D11-00A0C91BC942}") = "11-CubeProjectionEnhanced", "Projects\11-CubeProjectionEnhanced\11.vcxproj", "{A2593CD3-4462-44D2-9AD1-EFFD450FF0ED}"
EndProject
Global
	GlobalSection(SolutionConfigurationPlatforms) = preSolution
		Debug|x64 = Debug|x64
		Debug|x86 = Debug|x86
		Release|x64 = Release|x64
		Release|x86 = Release|x86
	EndGlobalSection
	GlobalSection(ProjectConfigurationPlatforms) = postSolution
		{08B48DDF-00EE-47B3-8205-04EE9CA8D960}.Debug|x64.ActiveCfg = Debug|x64
		{08B48DDF-00EE-47B3-8205-04EE9CA8D960}.Debug|x64.Build.0 = Debug|x64
		{08B48DDF-00EE-47B3-8205-04EE9CA8D960}.Debug|x86.ActiveCfg = Debug|Win32
		{08B48DDF-00EE-47B3-8205-04EE9CA8D960}.Debug|x86.Build.0 = Debug|Win32
		{08B48DDF-00EE-47B3-8205-04EE9CA8D960}.Release|x64.ActiveCfg = Release|x64
		{08B48DDF-00EE-47B3-8205-04EE9CA8D960}.Release|x64.Build.0 = Release|x64
		{08B48DDF-00EE-47B3-8205-04EE9CA8D960}.Release|x86.ActiveCfg = Release|Win32
		{08B48DDF-00EE-47B3-8205-04EE9CA8D960}.Release|x86.Build.0 = Release|Win32
		{DE3BDDF0-961D-4C35-91F9-81867F45D71A}.Debug|x64.ActiveCfg = Debug|x64
		{DE3BDDF0-961D-4C35-91F9-81867F45D71A}.Debug|x64.Build.0 = Debug|x64
		{DE3BDDF0-961D-4C35-91F9-81867F45D71A}.Debug|x86.ActiveCfg = Debug|Win32
		{DE3BDDF0-961D-4C35-91F9-81867F45D71A}.Debug|x86.Build.0 = Debug|Win32
		{DE3BDDF0-961D-4C35-91F9-81867F45D71A}.Release|x64.ActiveCfg = Release|x64
		{DE3BDDF0-961D-4C35-91F9-81867F45D71A}.Release|x64.Build.0 = Release|x64
		{DE3BDDF0-961D-4C35-91F9-81867F45D71A}.Release|x86.ActiveCfg = Release|Win32
		{DE3BDDF0-961D-4C35-91F9-81867F45D71A}.Release|x86.Build.0 = Release|Win32
		{D4BCEFBA-7FAE-4AD1-82B3-F5D09D002BE0}.Debug|x64.ActiveCfg = Debug|x64
		{D4BCEFBA-7FAE-4AD1-82B3-F5D09D002BE0}.Debug|x64.Build.0 = Debug|x64
		{D4BCEFBA-7FAE-4AD1-82B3-F5D09D002BE0}.Debug|x86.ActiveCfg = Debug|Win32
		{D4BCEFBA-7FAE-4AD1-82B3-F5D09D002BE0}.Debug|x86.Build.0 = Debug|Win32
		{D4BCEFBA-7FAE-4AD1-82B3-F5D09D002BE0}.Release|x64.ActiveCfg = Release|x64
		{D4BCEFBA-7FAE-4AD1-82B3-F5D09D002BE0}.Release|x64.Build.0 = Release|x64
		{D4BCEFBA-7FAE-4AD1-82B3-F5D09D002BE0}.Release|x86.ActiveCfg = Release|Win32
		{D4BCEFBA-7FAE-4AD1-82B3-F5D09D002BE0}.Release|x86.Build.0 = Release|Win32
		{35092537-2E7A-4642-9621-69CA43F31B4D}.Debug|x64.ActiveCfg = Debug|x64
		{35092537-2E7A-4642-9621-69CA43F31B4D}.Debug|x64.Build.0 = Debug|x64
		{35092537-2E7A-4642-9621-69CA43F31B4D}.Debug|x86.ActiveCfg = Debug|Win32
		{35092537-2E7A-4642-9621-69CA43F31B4D}.Debug|x86.Build.0 = Debug|Win32
		{35092537-2E7A-4642-9621-69CA43F31B4D}.Release|x64.ActiveCfg = Release|x64
		{35092537-2E7A-4642-9621-69CA43F31B4D}.Release|x64.Build.0 = Release|x64
		{35092537-2E7A-4642-9621-69CA43F31B4D}.Release|x86.ActiveCfg = Release|Win32
		{35092537-2E7A-4642-9621-69CA43F31B4D}.Release|x86.Build.0 = Release|Win32
		{225209E7-7F3E-4A54-A3CC-BA276A227A6E}.Debug|x64.ActiveCfg = Debug|x64
		{225209E7-7F3E-4A54-A3CC-BA276A227A6E}.Debug|x64.Build.0 = Debug|x64
		{225209E7-7F3E-4A54-A3CC-BA276A227A6E}.Debug|x86.ActiveCfg = Debug|Win32
		{225209E7-7F3E-4A54-A3CC-BA276A227A6E}.Debug|x86.Build.0 = Debug|Win32
		{225209E7-7F3E-4A54-A3CC-BA276A227A6E}.Release|x64.ActiveCfg = Release|x64
		{225209E7-7F3E-4A54-A3CC-BA276A227A6E}.Release|x64.Build.0 = Release|x64
		{225209E7-7F3E-4A54-A3CC-BA276A227A6E}.Release|x86.ActiveCfg = Release|Win32
		{225209E7-7F3E-4A54-A3CC-BA276A227A6E}.Release|x86.Build.0 = Release|Win32
		{D9802E60-CD44-443C-990A-590A34E10E62}.Debug|x64.ActiveCfg = Debug|x64
		{D9802E60-CD44-443C-990A-590A34E10E62}.Debug|x64.Build.0 = Debug|x64
		{D9802E60-CD44-443C-990A-590A34E10E62}.Debug|x86.ActiveCfg = Debug|Win32
		{D9802E60-CD44-443C-990A-590A34E10E62}.Debug|x86.Build.0 = Debug|Win32
		{D9802E60-CD44-443C-990A-590A34E10E62}.Release|x64.ActiveCfg = Release|x64
		{D9802E60-CD44-443C-990A-590A34E10E62}.Release|x64.Build.0 = Release|x64
		{D9802E60-CD44-443C-990A-590A34E10E62}.Release|x86.ActiveCfg = Release|Win32
		{D9802E60-CD44-443C-990A-590A34E10E62}.Release|x86.Build.0 = Release|Win32
		{F98F360F-0081-459B-93C3-A2A0D2AAF219}.Debug|x64.ActiveCfg = Debug|x64
		{F98F360F-0081-459B-93C3-A2A0D2AAF219}.Debug|x64.Build.0 = Debug|x64
		{F98F360F-0081-459B-93C3-A2A0D2AAF219}.Debug|x86.ActiveCfg = Debug|Win32
		{F98F360F-0081-459B-93C3-A2A0D2AAF219}.Debug|x86.Build.0 = Debug|Win32
		{F98F360F-0081-459B-93C3-A2A0D2AAF219}.Release|x64.ActiveCfg = Release|x64
		{F98F360F-0081-459B-93C3-A2A0D2AAF219}.Release|x64.Build.0 = Release|x64
		{F98F360F-0081-459B-93C3-A2A0D2AAF219}.Release|x86.ActiveCfg = Release|Win32
		{F98F360F-0081-459B-93C3-A2A0D2AAF219}.Release|x86.Build.0 = Release|Win32
		{8C2D76BF-A5A6-404F-9B75-EA2502D0D12C}.Debug|x64.ActiveCfg = Debug|x64
		{8C2D76BF-A5A6-404F-9B75-EA2502D0D12C}.Debug|x64.Build.0 = Debug|x64
		{8C2D76BF-A5A6-404F-9B75-EA2502D0D12C}.Debug|x86.ActiveCfg = Debug|Win32
		{8C2D76BF-A5A6-404F-9B75-EA2502D0D12C}.Debug|x86.Build.0 = Debug|Win32
		{8C2D76BF-A5A6-404F-9B75-EA2502D0D12C}.Release|x64.ActiveCfg = Release|x64
		{8C2D76BF-A5A6-404F-9B75-EA2502D0D12C}.Release|x64.Build.0 = Release|x64
		{8C2D76BF-A5A6-404F-9B75-EA2502D0D12C}.Release|x86.ActiveCfg = Release|Win32
		{8C2D76BF-A5A6-404F-9B75-EA2502D0D12C}.Release|x86.Build.0 = Release|Win32
		{47A8A8AB-A85F-4CBF-AEA4-4B684671269D}.Debug|x64.ActiveCfg = Debug|x64
		{47A8A8AB-A85F-4CBF-AEA4-4B684671269D}.Debug|x64.Build.0 = Debug|x64
		{47A8A8AB-A85F-4CBF-AEA4-4B684671269D}.Debug|x86.ActiveCfg = Debug|Win32
		{47A8A8AB-A85F-4CBF-AEA4-4B684671269D}.Debug|x86.Build.0 = Debug|Win32
		{47A8A8AB-A85F-4CBF-AEA4-4B684671269D}.Release|x64.ActiveCfg = Release|x64
		{47A8A8AB-A85F-4CBF-AEA4-4B684671269D}.Release|x64.Build.0 = Release|x64
		{47A8A8AB-A85F-4CBF-AEA4-4B684671269D}.Release|x86.ActiveCfg = Release|Win32
		{47A8A8AB-A85F-4CBF-AEA4-4B684671269D}.Release|x86.Build.0 = Release|Win32
		{0FD64546-015D-42D9-9B8E-E1E727540ECF}.Debug|x64.ActiveCfg = Debug|x64
		{0FD64546-015D-42D9-9B8E-E1E727540ECF}.Debug|x64.Build.0 = Debug|x64
		{0FD64546-015D-42D9-9B8E-E1E727540ECF}.Debug|x86.ActiveCfg = Debug|Win32
		{0FD64546-015D-42D9-9B8E-E1E727540ECF}.Debug|x86.Build.0 = Debug|Win32
		{0FD64546-015D-42D9-9B8E-E1E727540ECF}.Release|x64.ActiveCfg = Release|x64
		{0FD64546-015D-42D9-9B8E-E1E727540ECF}.Release|x64.Build.0 = Release|x64
		{0FD64546-015D-42D9-9B8E-E1E727540ECF}.Release|x86.ActiveCfg = Release|Win32
		{0FD64546-015D-42D9-9B8E-E1E727540ECF}.Release|x86.Build.0 = Release|Win32
		{0C5CD0A5-AA3B-4C87-A4B5-276D68E7C3A5}.Debug|x64.ActiveCfg = Debug|x64
		{0C5CD0A5-AA3B-4C87-A4B5-276D68E7C3A5}.Debug|x64.Build.0 = Debug|x64
		{0C5CD0A5-AA3B-4C87-A4B5-276D68E7C3A5}.Debug|x86.ActiveCfg = Debug|Win32
		{0C5CD0A5-AA3B-4C87-A4B5-276D68E7C3A5}.Debug|x86.Build.0 = Debug|Win32
		{0C5CD0A5-AA3B-4C87-A4B5-276D68E7C3A5}.Release|x64.ActiveCfg = Release|x64
		{0C5CD0A5-AA3B-4C87-A4B5-276D68E7C3A5}.Release|x64.Build.0 = Release|x64
		{0C5CD0A5-AA3B-4C87-A4B5-276D68E7C3A5}.Release|x86.ActiveCfg = Release|Win32
		{0C5CD0A5-AA3B-4C87-A4B5-276D68E7C3A5}.Release|x86.Build.0 = Release|Win32
		{A2593CD3-4462-44D2-9AD1-EFFD450FF0ED}.Debug|x64.ActiveCfg = Debug|x64
		{A2593CD3-4462-44D2-9AD1-EFFD450FF0ED}.Debug|x64.Build.0 = Debug|x64
		{A2593CD3-4462-44D2-9AD1-EFFD450FF0ED}.Debug|x86.ActiveCfg = Debug|Win32
		{A2593CD3-4462-44D2-9AD1-EFFD450FF0ED}.Debug|x86.Build.0 = Debug|Win32
		{A2593CD3-4462-44D2-9AD1-EFFD450FF0ED}.Release|x64.ActiveCfg = Release|x64
		{A2593CD3-4462-44D2-9AD1-EFFD450FF0ED}.Release|x64.Build.0 = Release|x64
		{A2593CD3-4462-44D2-9AD1-EFFD450FF0ED}.Release|x86.ActiveCfg = Release|Win32
		{A2593CD3-4462-44D2-9AD1-EFFD450FF0ED}.Release|x86.Build.0 = Release|Win32
	EndGlobalSection
	GlobalSection(SolutionProperties) = preSolution
		HideSolutionNode = FALSE
	EndGlobalSection
	GlobalSection(ExtensibilityGlobals) = postSolution
		SolutionGuid = {65BAE03D-8337-49E4-8322-F97F26472139}
	EndGlobalSection
EndGlobal
